
Microsoft Visual Studio Solution File, Format Version 12.00
# Visual Studio Version 17
VisualStudioVersion = 17.1.32328.378
MinimumVisualStudioVersion = 10.0.40219.1
Project("{FAE04EC0-301F-11D3-BF4B-00C04F79EFBC}") = "FuncionarioClass", "FuncionarioClass\FuncionarioClass.csproj", "{8C0A65AA-1FCF-4195-A2EA-8A9C8CD2997D}"
EndProject
Global
	GlobalSection(SolutionConfigurationPlatforms) = preSolution
		Debug|Any CPU = Debug|Any CPU
		Release|Any CPU = Release|Any CPU
	EndGlobalSection
	GlobalSection(ProjectConfigurationPlatforms) = postSolution
		{8C0A65AA-1FCF-4195-A2EA-8A9C8CD2997D}.Debug|Any CPU.ActiveCfg = Debug|Any CPU
		{8C0A65AA-1FCF-4195-A2EA-8A9C8CD2997D}.Debug|Any CPU.Build.0 = Debug|Any CPU
		{8C0A65AA-1FCF-4195-A2EA-8A9C8CD2997D}.Release|Any CPU.ActiveCfg = Release|Any CPU
		{8C0A65AA-1FCF-4195-A2EA-8A9C8CD2997D}.Release|Any CPU.Build.0 = Release|Any CPU
	EndGlobalSection
	GlobalSection(SolutionProperties) = preSolution
		HideSolutionNode = FALSE
	EndGlobalSection
	GlobalSection(ExtensibilityGlobals) = postSolution
		SolutionGuid = {8F7767D9-C4CA-4852-A726-7098442FF67C}
	EndGlobalSection
EndGlobal
